Microsoft Visual Studio Solution File, Format Version 11.00
# Visual Studio 2008

Project("{6D1FF814-3E88-B053-69D2-0C37FBDB67B5}") = "CardboardVR", "Assembly-CSharp-firstpass.csproj", "{93028AE2-45E4-C904-94E8-58C2937BCEB9}"
EndProject
Project("{6D1FF814-3E88-B053-69D2-0C37FBDB67B5}") = "CardboardVR", "Assembly-CSharp.csproj", "{9A3167B1-C12D-DB62-2551-0E429BC7AFDA}"
EndProject
Project("{6D1FF814-3E88-B053-69D2-0C37FBDB67B5}") = "CardboardVR", "Assembly-CSharp-Editor.csproj", "{5299E5BC-9DD5-CB6B-A02C-4BF76AE8124A}"
EndProject
Global
	GlobalSection(SolutionConfigurationPlatforms) = preSolution
		Debug|Any CPU = Debug|Any CPU
		Release|Any CPU = Release|Any CPU
	EndGlobalSection
	GlobalSection(ProjectConfigurationPlatforms) = postSolution
		{93028AE2-45E4-C904-94E8-58C2937BCEB9}.Debug|Any CPU.ActiveCfg = Debug|Any CPU
		{93028AE2-45E4-C904-94E8-58C2937BCEB9}.Debug|Any CPU.Build.0 = Debug|Any CPU
		{93028AE2-45E4-C904-94E8-58C2937BCEB9}.Release|Any CPU.ActiveCfg = Release|Any CPU
		{93028AE2-45E4-C904-94E8-58C2937BCEB9}.Release|Any CPU.Build.0 = Release|Any CPU
		{9A3167B1-C12D-DB62-2551-0E429BC7AFDA}.Debug|Any CPU.ActiveCfg = Debug|Any CPU
		{9A3167B1-C12D-DB62-2551-0E429BC7AFDA}.Debug|Any CPU.Build.0 = Debug|Any CPU
		{9A3167B1-C12D-DB62-2551-0E429BC7AFDA}.Release|Any CPU.ActiveCfg = Release|Any CPU
		{9A3167B1-C12D-DB62-2551-0E429BC7AFDA}.Release|Any CPU.Build.0 = Release|Any CPU
		{5299E5BC-9DD5-CB6B-A02C-4BF76AE8124A}.Debug|Any CPU.ActiveCfg = Debug|Any CPU
		{5299E5BC-9DD5-CB6B-A02C-4BF76AE8124A}.Debug|Any CPU.Build.0 = Debug|Any CPU
		{5299E5BC-9DD5-CB6B-A02C-4BF76AE8124A}.Release|Any CPU.ActiveCfg = Release|Any CPU
		{5299E5BC-9DD5-CB6B-A02C-4BF76AE8124A}.Release|Any CPU.Build.0 = Release|Any CPU
	EndGlobalSection
	GlobalSection(SolutionProperties) = preSolution
		HideSolutionNode = FALSE
	EndGlobalSection
	GlobalSection(MonoDevelopProperties) = preSolution
		StartupItem = Assembly-CSharp.csproj
	EndGlobalSection
EndGlobal
